
Microsoft Visual Studio Solution File, Format Version 12.00
# Visual Studio Version 17
VisualStudioVersion = 17.9.34723.18
MinimumVisualStudioVersion = 10.0.40219.1
Project("{FAE04EC0-301F-11D3-BF4B-00C04F79EFBC}") = "HW_C#06.06", "HW_C#06.06\HW_C#06.06.csproj", "{631AE9E8-2DCC-4C05-9EF6-2D8496944A26}"
EndProject
Global
	GlobalSection(SolutionConfigurationPlatforms) = preSolution
		Debug|Any CPU = Debug|Any CPU
		Release|Any CPU = Release|Any CPU
	EndGlobalSection
	GlobalSection(ProjectConfigurationPlatforms) = postSolution
		{631AE9E8-2DCC-4C05-9EF6-2D8496944A26}.Debug|Any CPU.ActiveCfg = Debug|Any CPU
		{631AE9E8-2DCC-4C05-9EF6-2D8496944A26}.Debug|Any CPU.Build.0 = Debug|Any CPU
		{631AE9E8-2DCC-4C05-9EF6-2D8496944A26}.Release|Any CPU.ActiveCfg = Release|Any CPU
		{631AE9E8-2DCC-4C05-9EF6-2D8496944A26}.Release|Any CPU.Build.0 = Release|Any CPU
	EndGlobalSection
	GlobalSection(SolutionProperties) = preSolution
		HideSolutionNode = FALSE
	EndGlobalSection
	GlobalSection(ExtensibilityGlobals) = postSolution
		SolutionGuid = {6EE9B266-CED5-43F1-8F04-16DEB9979B2C}
	EndGlobalSection
EndGlobal
